// !$*UTF8*$!
{
	archiveVersion = 1;
	classes = {
	};
	objectVersion = 46;
	objects = {

/* Begin PBXBuildFile section */
		4736D7F81780E92C00427677 /* QuestionBuilder.m in Sources */ = {isa = PBXBuildFile; fileRef = 4736D7F71780E92C00427677 /* QuestionBuilder.m */; };
		4736D7F91780E92C00427677 /* QuestionBuilder.m in Sources */ = {isa = PBXBuildFile; fileRef = 4736D7F71780E92C00427677 /* QuestionBuilder.m */; };
		4736D7FC1780EA2000427677 /* FakeQuestionBuilder.m in Sources */ = {isa = PBXBuildFile; fileRef = 4736D7FB1780EA2000427677 /* FakeQuestionBuilder.m */; };
		476B70D31780C40400EC225F /* StackOverflowCommunicator.m in Sources */ = {isa = PBXBuildFile; fileRef = 476B70D21780C40400EC225F /* StackOverflowCommunicator.m */; };
		476B70D41780C40400EC225F /* StackOverflowCommunicator.m in Sources */ = {isa = PBXBuildFile; fileRef = 476B70D21780C40400EC225F /* StackOverflowCommunicator.m */; };
		476B70D71780C48000EC225F /* MockStackOverflowCommunicator.m in Sources */ = {isa = PBXBuildFile; fileRef = 476B70D61780C48000EC225F /* MockStackOverflowCommunicator.m */; };
		476B70DA1780C51200EC225F /* MockStackOverflowManagerDelegate.m in Sources */ = {isa = PBXBuildFile; fileRef = 476B70D91780C51200EC225F /* MockStackOverflowManagerDelegate.m */; };
		4783064D177F61A5003425BA /* QuestionCreationWorkflowTests.m in Sources */ = {isa = PBXBuildFile; fileRef = 4783064C177F61A5003425BA /* QuestionCreationWorkflowTests.m */; };
		47830650177F641D003425BA /* StackOverflowManager.m in Sources */ = {isa = PBXBuildFile; fileRef = 4783064F177F641D003425BA /* StackOverflowManager.m */; };
		47830651177F641D003425BA /* StackOverflowManager.m in Sources */ = {isa = PBXBuildFile; fileRef = 4783064F177F641D003425BA /* StackOverflowManager.m */; };
		47833ADE178C65AD00ACAF7C /* NonNetworkedStackOverflowCommunicator.m in Sources */ = {isa = PBXBuildFile; fileRef = 47833ADD178C65AD00ACAF7C /* NonNetworkedStackOverflowCommunicator.m */; };
		47887CAD177D01870012D3A2 /* UIKit.framework in Frameworks */ = {isa = PBXBuildFile; fileRef = 47887CAC177D01870012D3A2 /* UIKit.framework */; };
		47887CAF177D01870012D3A2 /* Foundation.framework in Frameworks */ = {isa = PBXBuildFile; fileRef = 47887CAE177D01870012D3A2 /* Foundation.framework */; };
		47887CB1177D01870012D3A2 /* CoreGraphics.framework in Frameworks */ = {isa = PBXBuildFile; fileRef = 47887CB0177D01870012D3A2 /* CoreGraphics.framework */; };
		47887CB7177D01870012D3A2 /* InfoPlist.strings in Resources */ = {isa = PBXBuildFile; fileRef = 47887CB5177D01870012D3A2 /* InfoPlist.strings */; };
		47887CB9177D01870012D3A2 /* main.m in Sources */ = {isa = PBXBuildFile; fileRef = 47887CB8177D01870012D3A2 /* main.m */; };
		47887CBD177D01870012D3A2 /* AppDelegate.m in Sources */ = {isa = PBXBuildFile; fileRef = 47887CBC177D01870012D3A2 /* AppDelegate.m */; };
		47887CBF177D01870012D3A2 /* Default.png in Resources */ = {isa = PBXBuildFile; fileRef = 47887CBE177D01870012D3A2 /* Default.png */; };
		47887CC1177D01870012D3A2 /* Default@2x.png in Resources */ = {isa = PBXBuildFile; fileRef = 47887CC0177D01870012D3A2 /* Default@2x.png */; };
		47887CC3177D01870012D3A2 /* Default-568h@2x.png in Resources */ = {isa = PBXBuildFile; fileRef = 47887CC2177D01870012D3A2 /* Default-568h@2x.png */; };
		47887CC6177D01870012D3A2 /* MasterViewController.m in Sources */ = {isa = PBXBuildFile; fileRef = 47887CC5177D01870012D3A2 /* MasterViewController.m */; };
		47887CC9177D01870012D3A2 /* DetailViewController.m in Sources */ = {isa = PBXBuildFile; fileRef = 47887CC8177D01870012D3A2 /* DetailViewController.m */; };
		47887CCC177D01870012D3A2 /* MasterViewController.xib in Resources */ = {isa = PBXBuildFile; fileRef = 47887CCA177D01870012D3A2 /* MasterViewController.xib */; };
		47887CCF177D01870012D3A2 /* DetailViewController.xib in Resources */ = {isa = PBXBuildFile; fileRef = 47887CCD177D01870012D3A2 /* DetailViewController.xib */; };
		47887CD7177D01870012D3A2 /* SenTestingKit.framework in Frameworks */ = {isa = PBXBuildFile; fileRef = 47887CD6177D01870012D3A2 /* SenTestingKit.framework */; };
		47887CD8177D01870012D3A2 /* UIKit.framework in Frameworks */ = {isa = PBXBuildFile; fileRef = 47887CAC177D01870012D3A2 /* UIKit.framework */; };
		47887CD9177D01870012D3A2 /* Foundation.framework in Frameworks */ = {isa = PBXBuildFile; fileRef = 47887CAE177D01870012D3A2 /* Foundation.framework */; };
		47887CE1177D01880012D3A2 /* InfoPlist.strings in Resources */ = {isa = PBXBuildFile; fileRef = 47887CDF177D01880012D3A2 /* InfoPlist.strings */; };
		47887CEF177D0A170012D3A2 /* TopicTests.m in Sources */ = {isa = PBXBuildFile; fileRef = 47887CEE177D0A170012D3A2 /* TopicTests.m */; };
		47887CF2177D154F0012D3A2 /* Topic.m in Sources */ = {isa = PBXBuildFile; fileRef = 47887CF1177D154F0012D3A2 /* Topic.m */; };
		47887CF3177D154F0012D3A2 /* Topic.m in Sources */ = {isa = PBXBuildFile; fileRef = 47887CF1177D154F0012D3A2 /* Topic.m */; };
		47887CF6177D2F940012D3A2 /* QuestionTests.m in Sources */ = {isa = PBXBuildFile; fileRef = 47887CF5177D2F940012D3A2 /* QuestionTests.m */; };
		47887CF9177D32A90012D3A2 /* Question.m in Sources */ = {isa = PBXBuildFile; fileRef = 47887CF8177D32A90012D3A2 /* Question.m */; };
		47887CFA177D32A90012D3A2 /* Question.m in Sources */ = {isa = PBXBuildFile; fileRef = 47887CF8177D32A90012D3A2 /* Question.m */; };
		47887CFE177D555B0012D3A2 /* PersonTests.m in Sources */ = {isa = PBXBuildFile; fileRef = 47887CFD177D555B0012D3A2 /* PersonTests.m */; };
		47887D01177D55CE0012D3A2 /* Person.m in Sources */ = {isa = PBXBuildFile; fileRef = 47887D00177D55CE0012D3A2 /* Person.m */; };
		47887D02177D55CE0012D3A2 /* Person.m in Sources */ = {isa = PBXBuildFile; fileRef = 47887D00177D55CE0012D3A2 /* Person.m */; };
		47887D05177F0A2A0012D3A2 /* AnswerTests.m in Sources */ = {isa = PBXBuildFile; fileRef = 47887D04177F0A2A0012D3A2 /* AnswerTests.m */; };
		47887D08177F0A6F0012D3A2 /* Answer.m in Sources */ = {isa = PBXBuildFile; fileRef = 47887D07177F0A6F0012D3A2 /* Answer.m */; };
		47887D09177F0A6F0012D3A2 /* Answer.m in Sources */ = {isa = PBXBuildFile; fileRef = 47887D07177F0A6F0012D3A2 /* Answer.m */; };
		47CF194C178CA0F300FA739A /* FakeURLResponse.m in Sources */ = {isa = PBXBuildFile; fileRef = 47CF194B178CA0F300FA739A /* FakeURLResponse.m */; };
		47CF194F178CA86100FA739A /* MockStackOverflowManager.m in Sources */ = {isa = PBXBuildFile; fileRef = 47CF194E178CA86100FA739A /* MockStackOverflowManager.m */; };
		47CF1955178EED5700FA739A /* BrowseOverflowViewController.m in Sources */ = {isa = PBXBuildFile; fileRef = 47CF1953178EED5700FA739A /* BrowseOverflowViewController.m */; };
		47CF1956178EED5700FA739A /* BrowseOverflowViewController.m in Sources */ = {isa = PBXBuildFile; fileRef = 47CF1953178EED5700FA739A /* BrowseOverflowViewController.m */; };
		47CF1957178EED5700FA739A /* BrowseOverflowViewController.xib in Resources */ = {isa = PBXBuildFile; fileRef = 47CF1954178EED5700FA739A /* BrowseOverflowViewController.xib */; };
		47CF1958178EED5700FA739A /* BrowseOverflowViewController.xib in Resources */ = {isa = PBXBuildFile; fileRef = 47CF1954178EED5700FA739A /* BrowseOverflowViewController.xib */; };
		47CF195D178EEE5F00FA739A /* BrowseOverflowViewControllerTests.m in Sources */ = {isa = PBXBuildFile; fileRef = 47CF195C178EEE5F00FA739A /* BrowseOverflowViewControllerTests.m */; };
		47CF1960178EF8A500FA739A /* TopicTableDataSource.m in Sources */ = {isa = PBXBuildFile; fileRef = 47CF195F178EF8A500FA739A /* TopicTableDataSource.m */; };
		47CF1963178EF91D00FA739A /* EmptyTableViewDelegate.m in Sources */ = {isa = PBXBuildFile; fileRef = 47CF1962178EF91D00FA739A /* EmptyTableViewDelegate.m */; };
		47CF1964178EFADD00FA739A /* TopicTableDataSource.m in Sources */ = {isa = PBXBuildFile; fileRef = 47CF195F178EF8A500FA739A /* TopicTableDataSource.m */; };
		47EA2E3E1781E92800853787 /* QuestionBuilderTests.m in Sources */ = {isa = PBXBuildFile; fileRef = 47EA2E3D1781E92800853787 /* QuestionBuilderTests.m */; };
		47EA2E451784996B00853787 /* StackOverflowCommunicatorTests.m in Sources */ = {isa = PBXBuildFile; fileRef = 47EA2E441784996B00853787 /* StackOverflowCommunicatorTests.m */; };
		47EA2E4817849D9E00853787 /* InspectableStackOverflowCommunicator.m in Sources */ = {isa = PBXBuildFile; fileRef = 47EA2E4717849D9D00853787 /* InspectableStackOverflowCommunicator.m */; };
/* End PBXBuildFile section */

/* Begin PBXContainerItemProxy section */
		47887CDA177D01880012D3A2 /* PBXContainerItemProxy */ = {
			isa = PBXContainerItemProxy;
			containerPortal = 47887CA1177D01870012D3A2 /* Project object */;
			proxyType = 1;
			remoteGlobalIDString = 47887CA8177D01870012D3A2;
			remoteInfo = BrowseStackOverflow;
		};
/* End PBXContainerItemProxy section */

/* Begin PBXFileReference section */
		4736D7F61780E92C00427677 /* QuestionBuilder.h */ = {isa = PBXFileReference; fileEncoding = 4; lastKnownFileType = sourcecode.c.h; path = QuestionBuilder.h; sourceTree = "<group>"; };
		4736D7F71780E92C00427677 /* QuestionBuilder.m */ = {isa = PBXFileReference; fileEncoding = 4; lastKnownFileType = sourcecode.c.objc; path = QuestionBuilder.m; sourceTree = "<group>"; };
		4736D7FA1780EA2000427677 /* FakeQuestionBuilder.h */ = {isa = PBXFileReference; fileEncoding = 4; lastKnownFileType = sourcecode.c.h; path = FakeQuestionBuilder.h; sourceTree = "<group>"; };
		4736D7FB1780EA2000427677 /* FakeQuestionBuilder.m */ = {isa = PBXFileReference; fileEncoding = 4; lastKnownFileType = sourcecode.c.objc; path = FakeQuestionBuilder.m; sourceTree = "<group>"; };
		476B70D01780C0C100EC225F /* StackOverflowManagerDelegate.h */ = {isa = PBXFileReference; fileEncoding = 4; lastKnownFileType = sourcecode.c.h; name = StackOverflowManagerDelegate.h; path = ../StackOverflowManagerDelegate.h; sourceTree = "<group>"; };
		476B70D11780C40300EC225F /* StackOverflowCommunicator.h */ = {isa = PBXFileReference; fileEncoding = 4; lastKnownFileType = sourcecode.c.h; path = StackOverflowCommunicator.h; sourceTree = "<group>"; };
		476B70D21780C40400EC225F /* StackOverflowCommunicator.m */ = {isa = PBXFileReference; fileEncoding = 4; lastKnownFileType = sourcecode.c.objc; path = StackOverflowCommunicator.m; sourceTree = "<group>"; };
		476B70D51780C48000EC225F /* MockStackOverflowCommunicator.h */ = {isa = PBXFileReference; fileEncoding = 4; lastKnownFileType = sourcecode.c.h; path = MockStackOverflowCommunicator.h; sourceTree = "<group>"; };
		476B70D61780C48000EC225F /* MockStackOverflowCommunicator.m */ = {isa = PBXFileReference; fileEncoding = 4; lastKnownFileType = sourcecode.c.objc; path = MockStackOverflowCommunicator.m; sourceTree = "<group>"; };
		476B70D81780C51200EC225F /* MockStackOverflowManagerDelegate.h */ = {isa = PBXFileReference; fileEncoding = 4; lastKnownFileType = sourcecode.c.h; path = MockStackOverflowManagerDelegate.h; sourceTree = "<group>"; };
		476B70D91780C51200EC225F /* MockStackOverflowManagerDelegate.m */ = {isa = PBXFileReference; fileEncoding = 4; lastKnownFileType = sourcecode.c.objc; path = MockStackOverflowManagerDelegate.m; sourceTree = "<group>"; };
		4783064B177F61A5003425BA /* QuestionCreationWorkflowTests.h */ = {isa = PBXFileReference; fileEncoding = 4; lastKnownFileType = sourcecode.c.h; path = QuestionCreationWorkflowTests.h; sourceTree = "<group>"; };
		4783064C177F61A5003425BA /* QuestionCreationWorkflowTests.m */ = {isa = PBXFileReference; fileEncoding = 4; lastKnownFileType = sourcecode.c.objc; path = QuestionCreationWorkflowTests.m; sourceTree = "<group>"; };
		4783064E177F641D003425BA /* StackOverflowManager.h */ = {isa = PBXFileReference; fileEncoding = 4; lastKnownFileType = sourcecode.c.h; name = StackOverflowManager.h; path = BrowseStackOverflowTests/StackOverflowManager.h; sourceTree = SOURCE_ROOT; };
		4783064F177F641D003425BA /* StackOverflowManager.m */ = {isa = PBXFileReference; fileEncoding = 4; lastKnownFileType = sourcecode.c.objc; name = StackOverflowManager.m; path = BrowseStackOverflowTests/StackOverflowManager.m; sourceTree = SOURCE_ROOT; };
		47833ADC178C65AD00ACAF7C /* NonNetworkedStackOverflowCommunicator.h */ = {isa = PBXFileReference; fileEncoding = 4; lastKnownFileType = sourcecode.c.h; name = NonNetworkedStackOverflowCommunicator.h; path = ../NonNetworkedStackOverflowCommunicator.h; sourceTree = "<group>"; };
		47833ADD178C65AD00ACAF7C /* NonNetworkedStackOverflowCommunicator.m */ = {isa = PBXFileReference; fileEncoding = 4; lastKnownFileType = sourcecode.c.objc; name = NonNetworkedStackOverflowCommunicator.m; path = ../NonNetworkedStackOverflowCommunicator.m; sourceTree = "<group>"; };
		47887CA9177D01870012D3A2 /* BrowseStackOverflow.app */ = {isa = PBXFileReference; explicitFileType = wrapper.application; includeInIndex = 0; path = BrowseStackOverflow.app; sourceTree = BUILT_PRODUCTS_DIR; };
		47887CAC177D01870012D3A2 /* UIKit.framework */ = {isa = PBXFileReference; lastKnownFileType = wrapper.framework; name = UIKit.framework; path = System/Library/Frameworks/UIKit.framework; sourceTree = SDKROOT; };
		47887CAE177D01870012D3A2 /* Foundation.framework */ = {isa = PBXFileReference; lastKnownFileType = wrapper.framework; name = Foundation.framework; path = System/Library/Frameworks/Foundation.framework; sourceTree = SDKROOT; };
		47887CB0177D01870012D3A2 /* CoreGraphics.framework */ = {isa = PBXFileReference; lastKnownFileType = wrapper.framework; name = CoreGraphics.framework; path = System/Library/Frameworks/CoreGraphics.framework; sourceTree = SDKROOT; };
		47887CB4177D01870012D3A2 /* BrowseStackOverflow-Info.plist */ = {isa = PBXFileReference; lastKnownFileType = text.plist.xml; path = "BrowseStackOverflow-Info.plist"; sourceTree = "<group>"; };
		47887CB6177D01870012D3A2 /* en */ = {isa = PBXFileReference; lastKnownFileType = text.plist.strings; name = en; path = en.lproj/InfoPlist.strings; sourceTree = "<group>"; };
		47887CB8177D01870012D3A2 /* main.m */ = {isa = PBXFileReference; lastKnownFileType = sourcecode.c.objc; path = main.m; sourceTree = "<group>"; };
		47887CBA177D01870012D3A2 /* BrowseStackOverflow-Prefix.pch */ = {isa = PBXFileReference; lastKnownFileType = sourcecode.c.h; path = "BrowseStackOverflow-Prefix.pch"; sourceTree = "<group>"; };
		47887CBB177D01870012D3A2 /* AppDelegate.h */ = {isa = PBXFileReference; lastKnownFileType = sourcecode.c.h; path = AppDelegate.h; sourceTree = "<group>"; };
		47887CBC177D01870012D3A2 /* AppDelegate.m */ = {isa = PBXFileReference; lastKnownFileType = sourcecode.c.objc; path = AppDelegate.m; sourceTree = "<group>"; };
		47887CBE177D01870012D3A2 /* Default.png */ = {isa = PBXFileReference; lastKnownFileType = image.png; path = Default.png; sourceTree = "<group>"; };
		47887CC0177D01870012D3A2 /* Default@2x.png */ = {isa = PBXFileReference; lastKnownFileType = image.png; path = "Default@2x.png"; sourceTree = "<group>"; };
		47887CC2177D01870012D3A2 /* Default-568h@2x.png */ = {isa = PBXFileReference; lastKnownFileType = image.png; path = "Default-568h@2x.png"; sourceTree = "<group>"; };
		47887CC4177D01870012D3A2 /* MasterViewController.h */ = {isa = PBXFileReference; lastKnownFileType = sourcecode.c.h; path = MasterViewController.h; sourceTree = "<group>"; };
		47887CC5177D01870012D3A2 /* MasterViewController.m */ = {isa = PBXFileReference; lastKnownFileType = sourcecode.c.objc; path = MasterViewController.m; sourceTree = "<group>"; };
		47887CC7177D01870012D3A2 /* DetailViewController.h */ = {isa = PBXFileReference; lastKnownFileType = sourcecode.c.h; path = DetailViewController.h; sourceTree = "<group>"; };
		47887CC8177D01870012D3A2 /* DetailViewController.m */ = {isa = PBXFileReference; lastKnownFileType = sourcecode.c.objc; path = DetailViewController.m; sourceTree = "<group>"; };
		47887CCB177D01870012D3A2 /* en */ = {isa = PBXFileReference; lastKnownFileType = file.xib; name = en; path = en.lproj/MasterViewController.xib; sourceTree = "<group>"; };
		47887CCE177D01870012D3A2 /* en */ = {isa = PBXFileReference; lastKnownFileType = file.xib; name = en; path = en.lproj/DetailViewController.xib; sourceTree = "<group>"; };
		47887CD5177D01870012D3A2 /* BrowseStackOverflowTests.octest */ = {isa = PBXFileReference; explicitFileType = wrapper.cfbundle; includeInIndex = 0; path = BrowseStackOverflowTests.octest; sourceTree = BUILT_PRODUCTS_DIR; };
		47887CD6177D01870012D3A2 /* SenTestingKit.framework */ = {isa = PBXFileReference; lastKnownFileType = wrapper.framework; name = SenTestingKit.framework; path = Library/Frameworks/SenTestingKit.framework; sourceTree = DEVELOPER_DIR; };
		47887CDE177D01880012D3A2 /* BrowseStackOverflowTests-Info.plist */ = {isa = PBXFileReference; lastKnownFileType = text.plist.xml; path = "BrowseStackOverflowTests-Info.plist"; sourceTree = "<group>"; };
		47887CE0177D01880012D3A2 /* en */ = {isa = PBXFileReference; lastKnownFileType = text.plist.strings; name = en; path = en.lproj/InfoPlist.strings; sourceTree = "<group>"; };
		47887CED177D0A170012D3A2 /* TopicTests.h */ = {isa = PBXFileReference; fileEncoding = 4; lastKnownFileType = sourcecode.c.h; path = TopicTests.h; sourceTree = "<group>"; };
		47887CEE177D0A170012D3A2 /* TopicTests.m */ = {isa = PBXFileReference; fileEncoding = 4; lastKnownFileType = sourcecode.c.objc; path = TopicTests.m; sourceTree = "<group>"; };
		47887CF0177D154F0012D3A2 /* Topic.h */ = {isa = PBXFileReference; fileEncoding = 4; lastKnownFileType = sourcecode.c.h; path = Topic.h; sourceTree = "<group>"; };
		47887CF1177D154F0012D3A2 /* Topic.m */ = {isa = PBXFileReference; fileEncoding = 4; lastKnownFileType = sourcecode.c.objc; path = Topic.m; sourceTree = "<group>"; };
		47887CF4177D2F940012D3A2 /* QuestionTests.h */ = {isa = PBXFileReference; fileEncoding = 4; lastKnownFileType = sourcecode.c.h; path = QuestionTests.h; sourceTree = "<group>"; };
		47887CF5177D2F940012D3A2 /* QuestionTests.m */ = {isa = PBXFileReference; fileEncoding = 4; lastKnownFileType = sourcecode.c.objc; path = QuestionTests.m; sourceTree = "<group>"; };
		47887CF7177D32A90012D3A2 /* Question.h */ = {isa = PBXFileReference; fileEncoding = 4; lastKnownFileType = sourcecode.c.h; path = Question.h; sourceTree = "<group>"; };
		47887CF8177D32A90012D3A2 /* Question.m */ = {isa = PBXFileReference; fileEncoding = 4; lastKnownFileType = sourcecode.c.objc; path = Question.m; sourceTree = "<group>"; };
		47887CFC177D555B0012D3A2 /* PersonTests.h */ = {isa = PBXFileReference; fileEncoding = 4; lastKnownFileType = sourcecode.c.h; path = PersonTests.h; sourceTree = "<group>"; };
		47887CFD177D555B0012D3A2 /* PersonTests.m */ = {isa = PBXFileReference; fileEncoding = 4; lastKnownFileType = sourcecode.c.objc; path = PersonTests.m; sourceTree = "<group>"; };
		47887CFF177D55CE0012D3A2 /* Person.h */ = {isa = PBXFileReference; fileEncoding = 4; lastKnownFileType = sourcecode.c.h; path = Person.h; sourceTree = "<group>"; };
		47887D00177D55CE0012D3A2 /* Person.m */ = {isa = PBXFileReference; fileEncoding = 4; lastKnownFileType = sourcecode.c.objc; path = Person.m; sourceTree = "<group>"; };
		47887D03177F0A2A0012D3A2 /* AnswerTests.h */ = {isa = PBXFileReference; fileEncoding = 4; lastKnownFileType = sourcecode.c.h; path = AnswerTests.h; sourceTree = "<group>"; };
		47887D04177F0A2A0012D3A2 /* AnswerTests.m */ = {isa = PBXFileReference; fileEncoding = 4; lastKnownFileType = sourcecode.c.objc; path = AnswerTests.m; sourceTree = "<group>"; };
		47887D06177F0A6F0012D3A2 /* Answer.h */ = {isa = PBXFileReference; fileEncoding = 4; lastKnownFileType = sourcecode.c.h; path = Answer.h; sourceTree = "<group>"; };
		47887D07177F0A6F0012D3A2 /* Answer.m */ = {isa = PBXFileReference; fileEncoding = 4; lastKnownFileType = sourcecode.c.objc; path = Answer.m; sourceTree = "<group>"; };
		47CF1949178C9A3B00FA739A /* StackOverflowCommunicatorDelegate.h */ = {isa = PBXFileReference; fileEncoding = 4; lastKnownFileType = sourcecode.c.h; path = StackOverflowCommunicatorDelegate.h; sourceTree = "<group>"; };
		47CF194A178CA0F300FA739A /* FakeURLResponse.h */ = {isa = PBXFileReference; fileEncoding = 4; lastKnownFileType = sourcecode.c.h; path = FakeURLResponse.h; sourceTree = "<group>"; };
		47CF194B178CA0F300FA739A /* FakeURLResponse.m */ = {isa = PBXFileReference; fileEncoding = 4; lastKnownFileType = sourcecode.c.objc; path = FakeURLResponse.m; sourceTree = "<group>"; };
		47CF194D178CA86000FA739A /* MockStackOverflowManager.h */ = {isa = PBXFileReference; fileEncoding = 4; lastKnownFileType = sourcecode.c.h; name = MockStackOverflowManager.h; path = ../MockStackOverflowManager.h; sourceTree = "<group>"; };
		47CF194E178CA86100FA739A /* MockStackOverflowManager.m */ = {isa = PBXFileReference; fileEncoding = 4; lastKnownFileType = sourcecode.c.objc; name = MockStackOverflowManager.m; path = ../MockStackOverflowManager.m; sourceTree = "<group>"; };
		47CF1952178EED5600FA739A /* BrowseOverflowViewController.h */ = {isa = PBXFileReference; fileEncoding = 4; lastKnownFileType = sourcecode.c.h; path = BrowseOverflowViewController.h; sourceTree = "<group>"; };
		47CF1953178EED5700FA739A /* BrowseOverflowViewController.m */ = {isa = PBXFileReference; fileEncoding = 4; lastKnownFileType = sourcecode.c.objc; path = BrowseOverflowViewController.m; sourceTree = "<group>"; };
		47CF1954178EED5700FA739A /* BrowseOverflowViewController.xib */ = {isa = PBXFileReference; fileEncoding = 4; lastKnownFileType = file.xib; path = BrowseOverflowViewController.xib; sourceTree = "<group>"; };
		47CF195B178EEE5F00FA739A /* BrowseOverflowViewControllerTests.h */ = {isa = PBXFileReference; fileEncoding = 4; lastKnownFileType = sourcecode.c.h; path = BrowseOverflowViewControllerTests.h; sourceTree = "<group>"; };
		47CF195C178EEE5F00FA739A /* BrowseOverflowViewControllerTests.m */ = {isa = PBXFileReference; fileEncoding = 4; lastKnownFileType = sourcecode.c.objc; path = BrowseOverflowViewControllerTests.m; sourceTree = "<group>"; };
		47CF195E178EF8A500FA739A /* TopicTableDataSource.h */ = {isa = PBXFileReference; fileEncoding = 4; lastKnownFileType = sourcecode.c.h; name = TopicTableDataSource.h; path = BrowseStackOverflowTests/TopicTableDataSource.h; sourceTree = SOURCE_ROOT; };
		47CF195F178EF8A500FA739A /* TopicTableDataSource.m */ = {isa = PBXFileReference; fileEncoding = 4; lastKnownFileType = sourcecode.c.objc; name = TopicTableDataSource.m; path = BrowseStackOverflowTests/TopicTableDataSource.m; sourceTree = SOURCE_ROOT; };
		47CF1961178EF91D00FA739A /* EmptyTableViewDelegate.h */ = {isa = PBXFileReference; fileEncoding = 4; lastKnownFileType = sourcecode.c.h; path = EmptyTableViewDelegate.h; sourceTree = "<group>"; };
		47CF1962178EF91D00FA739A /* EmptyTableViewDelegate.m */ = {isa = PBXFileReference; fileEncoding = 4; lastKnownFileType = sourcecode.c.objc; path = EmptyTableViewDelegate.m; sourceTree = "<group>"; };
		47EA2E3C1781E92800853787 /* QuestionBuilderTests.h */ = {isa = PBXFileReference; fileEncoding = 4; lastKnownFileType = sourcecode.c.h; path = QuestionBuilderTests.h; sourceTree = "<group>"; };
		47EA2E3D1781E92800853787 /* QuestionBuilderTests.m */ = {isa = PBXFileReference; fileEncoding = 4; lastKnownFileType = sourcecode.c.objc; path = QuestionBuilderTests.m; sourceTree = "<group>"; };
		47EA2E431784996B00853787 /* StackOverflowCommunicatorTests.h */ = {isa = PBXFileReference; fileEncoding = 4; lastKnownFileType = sourcecode.c.h; path = StackOverflowCommunicatorTests.h; sourceTree = "<group>"; };
		47EA2E441784996B00853787 /* StackOverflowCommunicatorTests.m */ = {isa = PBXFileReference; fileEncoding = 4; lastKnownFileType = sourcecode.c.objc; path = StackOverflowCommunicatorTests.m; sourceTree = "<group>"; };
		47EA2E4617849D9D00853787 /* InspectableStackOverflowCommunicator.h */ = {isa = PBXFileReference; fileEncoding = 4; lastKnownFileType = sourcecode.c.h; path = InspectableStackOverflowCommunicator.h; sourceTree = "<group>"; };
		47EA2E4717849D9D00853787 /* InspectableStackOverflowCommunicator.m */ = {isa = PBXFileReference; fileEncoding = 4; lastKnownFileType = sourcecode.c.objc; path = InspectableStackOverflowCommunicator.m; sourceTree = "<group>"; };
/* End PBXFileReference section */

/* Begin PBXFrameworksBuildPhase section */
		47887CA6177D01870012D3A2 /* Frameworks */ = {
			isa = PBXFrameworksBuildPhase;
			buildActionMask = 2147483647;
			files = (
				47887CAD177D01870012D3A2 /* UIKit.framework in Frameworks */,
				47887CAF177D01870012D3A2 /* Foundation.framework in Frameworks */,
				47887CB1177D01870012D3A2 /* CoreGraphics.framework in Frameworks */,
			);
			runOnlyForDeploymentPostprocessing = 0;
		};
		47887CD1177D01870012D3A2 /* Frameworks */ = {
			isa = PBXFrameworksBuildPhase;
			buildActionMask = 2147483647;
			files = (
				47887CD7177D01870012D3A2 /* SenTestingKit.framework in Frameworks */,
				47887CD8177D01870012D3A2 /* UIKit.framework in Frameworks */,
				47887CD9177D01870012D3A2 /* Foundation.framework in Frameworks */,
			);
			runOnlyForDeploymentPostprocessing = 0;
		};
/* End PBXFrameworksBuildPhase section */

/* Begin PBXGroup section */
		47887CA0177D01870012D3A2 = {
			isa = PBXGroup;
			children = (
				47887CB2177D01870012D3A2 /* BrowseStackOverflow */,
				47887CDC177D01880012D3A2 /* BrowseStackOverflowTests */,
				47887CAB177D01870012D3A2 /* Frameworks */,
				47887CAA177D01870012D3A2 /* Products */,
			);
			sourceTree = "<group>";
		};
		47887CAA177D01870012D3A2 /* Products */ = {
			isa = PBXGroup;
			children = (
				47887CA9177D01870012D3A2 /* BrowseStackOverflow.app */,
				47887CD5177D01870012D3A2 /* BrowseStackOverflowTests.octest */,
			);
			name = Products;
			sourceTree = "<group>";
		};
		47887CAB177D01870012D3A2 /* Frameworks */ = {
			isa = PBXGroup;
			children = (
				47887CAC177D01870012D3A2 /* UIKit.framework */,
				47887CAE177D01870012D3A2 /* Foundation.framework */,
				47887CB0177D01870012D3A2 /* CoreGraphics.framework */,
				47887CD6177D01870012D3A2 /* SenTestingKit.framework */,
			);
			name = Frameworks;
			sourceTree = "<group>";
		};
		47887CB2177D01870012D3A2 /* BrowseStackOverflow */ = {
			isa = PBXGroup;
			children = (
				47CF195A178EEDA600FA739A /* VC */,
				47CF1959178EED8900FA739A /* Objects */,
				47887CBB177D01870012D3A2 /* AppDelegate.h */,
				47887CBC177D01870012D3A2 /* AppDelegate.m */,
				47887CC4177D01870012D3A2 /* MasterViewController.h */,
				47887CC5177D01870012D3A2 /* MasterViewController.m */,
				47887CC7177D01870012D3A2 /* DetailViewController.h */,
				47887CC8177D01870012D3A2 /* DetailViewController.m */,
				47887CCA177D01870012D3A2 /* MasterViewController.xib */,
				47887CCD177D01870012D3A2 /* DetailViewController.xib */,
				47CF195E178EF8A500FA739A /* TopicTableDataSource.h */,
				47CF195F178EF8A500FA739A /* TopicTableDataSource.m */,
				47887CB3177D01870012D3A2 /* Supporting Files */,
			);
			path = BrowseStackOverflow;
			sourceTree = "<group>";
		};
		47887CB3177D01870012D3A2 /* Supporting Files */ = {
			isa = PBXGroup;
			children = (
				47887CB4177D01870012D3A2 /* BrowseStackOverflow-Info.plist */,
				47887CB5177D01870012D3A2 /* InfoPlist.strings */,
				47887CB8177D01870012D3A2 /* main.m */,
				47887CBA177D01870012D3A2 /* BrowseStackOverflow-Prefix.pch */,
				47887CBE177D01870012D3A2 /* Default.png */,
				47887CC0177D01870012D3A2 /* Default@2x.png */,
				47887CC2177D01870012D3A2 /* Default-568h@2x.png */,
			);
			name = "Supporting Files";
			sourceTree = "<group>";
		};
		47887CDC177D01880012D3A2 /* BrowseStackOverflowTests */ = {
			isa = PBXGroup;
			children = (
				47CF1951178CA88500FA739A /* Fake */,
				47CF1950178CA86700FA739A /* Mock */,
				47EA2E421782994800853787 /* ObjectTests */,
				47887CDD177D01880012D3A2 /* Supporting Files */,
				4783064B177F61A5003425BA /* QuestionCreationWorkflowTests.h */,
				4783064C177F61A5003425BA /* QuestionCreationWorkflowTests.m */,
				47EA2E3C1781E92800853787 /* QuestionBuilderTests.h */,
				47EA2E3D1781E92800853787 /* QuestionBuilderTests.m */,
				47EA2E431784996B00853787 /* StackOverflowCommunicatorTests.h */,
				47EA2E441784996B00853787 /* StackOverflowCommunicatorTests.m */,
				47EA2E4617849D9D00853787 /* InspectableStackOverflowCommunicator.h */,
				47EA2E4717849D9D00853787 /* InspectableStackOverflowCommunicator.m */,
				47833ADC178C65AD00ACAF7C /* NonNetworkedStackOverflowCommunicator.h */,
				47833ADD178C65AD00ACAF7C /* NonNetworkedStackOverflowCommunicator.m */,
				47CF195B178EEE5F00FA739A /* BrowseOverflowViewControllerTests.h */,
				47CF195C178EEE5F00FA739A /* BrowseOverflowViewControllerTests.m */,
				47CF1961178EF91D00FA739A /* EmptyTableViewDelegate.h */,
				47CF1962178EF91D00FA739A /* EmptyTableViewDelegate.m */,
			);
			path = BrowseStackOverflowTests;
			sourceTree = "<group>";
		};
		47887CDD177D01880012D3A2 /* Supporting Files */ = {
			isa = PBXGroup;
			children = (
				47887CDE177D01880012D3A2 /* BrowseStackOverflowTests-Info.plist */,
				47887CDF177D01880012D3A2 /* InfoPlist.strings */,
			);
			name = "Supporting Files";
			sourceTree = "<group>";
		};
		47CF1950178CA86700FA739A /* Mock */ = {
			isa = PBXGroup;
			children = (
				47CF194D178CA86000FA739A /* MockStackOverflowManager.h */,
				47CF194E178CA86100FA739A /* MockStackOverflowManager.m */,
				476B70D51780C48000EC225F /* MockStackOverflowCommunicator.h */,
				476B70D61780C48000EC225F /* MockStackOverflowCommunicator.m */,
				476B70D81780C51200EC225F /* MockStackOverflowManagerDelegate.h */,
				476B70D91780C51200EC225F /* MockStackOverflowManagerDelegate.m */,
			);
			name = Mock;
			sourceTree = "<group>";
		};
		47CF1951178CA88500FA739A /* Fake */ = {
			isa = PBXGroup;
			children = (
				47CF194A178CA0F300FA739A /* FakeURLResponse.h */,
				47CF194B178CA0F300FA739A /* FakeURLResponse.m */,
				4736D7FA1780EA2000427677 /* FakeQuestionBuilder.h */,
				4736D7FB1780EA2000427677 /* FakeQuestionBuilder.m */,
			);
			name = Fake;
			sourceTree = "<group>";
		};
		47CF1959178EED8900FA739A /* Objects */ = {
			isa = PBXGroup;
			children = (
				47887CF0177D154F0012D3A2 /* Topic.h */,
				47887CF1177D154F0012D3A2 /* Topic.m */,
				47887CF7177D32A90012D3A2 /* Question.h */,
				47CF1949178C9A3B00FA739A /* StackOverflowCommunicatorDelegate.h */,
				47887CF8177D32A90012D3A2 /* Question.m */,
				47887CFF177D55CE0012D3A2 /* Person.h */,
				47887D00177D55CE0012D3A2 /* Person.m */,
				47887D06177F0A6F0012D3A2 /* Answer.h */,
				47887D07177F0A6F0012D3A2 /* Answer.m */,
				4783064E177F641D003425BA /* StackOverflowManager.h */,
				4783064F177F641D003425BA /* StackOverflowManager.m */,
				476B70D01780C0C100EC225F /* StackOverflowManagerDelegate.h */,
				476B70D11780C40300EC225F /* StackOverflowCommunicator.h */,
				476B70D21780C40400EC225F /* StackOverflowCommunicator.m */,
				4736D7F61780E92C00427677 /* QuestionBuilder.h */,
				4736D7F71780E92C00427677 /* QuestionBuilder.m */,
			);
			name = Objects;
			sourceTree = "<group>";
		};
		47CF195A178EEDA600FA739A /* VC */ = {
			isa = PBXGroup;
			children = (
				47CF1952178EED5600FA739A /* BrowseOverflowViewController.h */,
				47CF1953178EED5700FA739A /* BrowseOverflowViewController.m */,
				47CF1954178EED5700FA739A /* BrowseOverflowViewController.xib */,
			);
			name = VC;
			sourceTree = "<group>";
		};
		47EA2E421782994800853787 /* ObjectTests */ = {
			isa = PBXGroup;
			children = (
				47887CED177D0A170012D3A2 /* TopicTests.h */,
				47887CEE177D0A170012D3A2 /* TopicTests.m */,
				47887CF4177D2F940012D3A2 /* QuestionTests.h */,
				47887CF5177D2F940012D3A2 /* QuestionTests.m */,
				47887CFC177D555B0012D3A2 /* PersonTests.h */,
				47887CFD177D555B0012D3A2 /* PersonTests.m */,
				47887D03177F0A2A0012D3A2 /* AnswerTests.h */,
				47887D04177F0A2A0012D3A2 /* AnswerTests.m */,
			);
			name = ObjectTests;
			sourceTree = "<group>";
		};
/* End PBXGroup section */

/* Begin PBXNativeTarget section */
		47887CA8177D01870012D3A2 /* BrowseStackOverflow */ = {
			isa = PBXNativeTarget;
			buildConfigurationList = 47887CE7177D01880012D3A2 /* Build configuration list for PBXNativeTarget "BrowseStackOverflow" */;
			buildPhases = (
				47887CA5177D01870012D3A2 /* Sources */,
				47887CA6177D01870012D3A2 /* Frameworks */,
				47887CA7177D01870012D3A2 /* Resources */,
			);
			buildRules = (
			);
			dependencies = (
			);
			name = BrowseStackOverflow;
			productName = BrowseStackOverflow;
			productReference = 47887CA9177D01870012D3A2 /* BrowseStackOverflow.app */;
			productType = "com.apple.product-type.application";
		};
		47887CD4177D01870012D3A2 /* BrowseStackOverflowTests */ = {
			isa = PBXNativeTarget;
			buildConfigurationList = 47887CEA177D01880012D3A2 /* Build configuration list for PBXNativeTarget "BrowseStackOverflowTests" */;
			buildPhases = (
				47887CD0177D01870012D3A2 /* Sources */,
				47887CD1177D01870012D3A2 /* Frameworks */,
				47887CD2177D01870012D3A2 /* Resources */,
				47887CD3177D01870012D3A2 /* ShellScript */,
			);
			buildRules = (
			);
			dependencies = (
				47887CDB177D01880012D3A2 /* PBXTargetDependency */,
			);
			name = BrowseStackOverflowTests;
			productName = BrowseStackOverflowTests;
			productReference = 47887CD5177D01870012D3A2 /* BrowseStackOverflowTests.octest */;
			productType = "com.apple.product-type.bundle";
		};
/* End PBXNativeTarget section */

/* Begin PBXProject section */
		47887CA1177D01870012D3A2 /* Project object */ = {
			isa = PBXProject;
			attributes = {
				LastUpgradeCheck = 0460;
				ORGANIZATIONNAME = "Ryan Cleeton";
			};
			buildConfigurationList = 47887CA4177D01870012D3A2 /* Build configuration list for PBXProject "BrowseStackOverflow" */;
			compatibilityVersion = "Xcode 3.2";
			developmentRegion = English;
			hasScannedForEncodings = 0;
			knownRegions = (
				en,
			);
			mainGroup = 47887CA0177D01870012D3A2;
			productRefGroup = 47887CAA177D01870012D3A2 /* Products */;
			projectDirPath = "";
			projectRoot = "";
			targets = (
				47887CA8177D01870012D3A2 /* BrowseStackOverflow */,
				47887CD4177D01870012D3A2 /* BrowseStackOverflowTests */,
			);
		};
/* End PBXProject section */

/* Begin PBXResourcesBuildPhase section */
		47887CA7177D01870012D3A2 /* Resources */ = {
			isa = PBXResourcesBuildPhase;
			buildActionMask = 2147483647;
			files = (
				47887CB7177D01870012D3A2 /* InfoPlist.strings in Resources */,
				47887CBF177D01870012D3A2 /* Default.png in Resources */,
				47887CC1177D01870012D3A2 /* Default@2x.png in Resources */,
				47887CC3177D01870012D3A2 /* Default-568h@2x.png in Resources */,
				47887CCC177D01870012D3A2 /* MasterViewController.xib in Resources */,
				47887CCF177D01870012D3A2 /* DetailViewController.xib in Resources */,
				47CF1957178EED5700FA739A /* BrowseOverflowViewController.xib in Resources */,
			);
			runOnlyForDeploymentPostprocessing = 0;
		};
		47887CD2177D01870012D3A2 /* Resources */ = {
			isa = PBXResourcesBuildPhase;
			buildActionMask = 2147483647;
			files = (
				47887CE1177D01880012D3A2 /* InfoPlist.strings in Resources */,
				47CF1958178EED5700FA739A /* BrowseOverflowViewController.xib in Resources */,
			);
			runOnlyForDeploymentPostprocessing = 0;
		};
/* End PBXResourcesBuildPhase section */

/* Begin PBXShellScriptBuildPhase section */
		47887CD3177D01870012D3A2 /* ShellScript */ = {
			isa = PBXShellScriptBuildPhase;
			buildActionMask = 2147483647;
			files = (
			);
			inputPaths = (
			);
			outputPaths = (
			);
			runOnlyForDeploymentPostprocessing = 0;
			shellPath = /bin/sh;
			shellScript = "# Run the unit tests in this test bundle.\n\"${SYSTEM_DEVELOPER_DIR}/Tools/RunUnitTests\"\n";
		};
/* End PBXShellScriptBuildPhase section */

/* Begin PBXSourcesBuildPhase section */
		47887CA5177D01870012D3A2 /* Sources */ = {
			isa = PBXSourcesBuildPhase;
			buildActionMask = 2147483647;
			files = (
				47887CB9177D01870012D3A2 /* main.m in Sources */,
				47887CBD177D01870012D3A2 /* AppDelegate.m in Sources */,
				47887CC6177D01870012D3A2 /* MasterViewController.m in Sources */,
				47887CC9177D01870012D3A2 /* DetailViewController.m in Sources */,
				47887CF2177D154F0012D3A2 /* Topic.m in Sources */,
				47887CF9177D32A90012D3A2 /* Question.m in Sources */,
				47887D01177D55CE0012D3A2 /* Person.m in Sources */,
				47887D08177F0A6F0012D3A2 /* Answer.m in Sources */,
				47830650177F641D003425BA /* StackOverflowManager.m in Sources */,
				476B70D31780C40400EC225F /* StackOverflowCommunicator.m in Sources */,
				4736D7F81780E92C00427677 /* QuestionBuilder.m in Sources */,
				47CF1955178EED5700FA739A /* BrowseOverflowViewController.m in Sources */,
				47CF1964178EFADD00FA739A /* TopicTableDataSource.m in Sources */,
			);
			runOnlyForDeploymentPostprocessing = 0;
		};
		47887CD0177D01870012D3A2 /* Sources */ = {
			isa = PBXSourcesBuildPhase;
			buildActionMask = 2147483647;
			files = (
				47887CEF177D0A170012D3A2 /* TopicTests.m in Sources */,
				47887CF3177D154F0012D3A2 /* Topic.m in Sources */,
				47887CF6177D2F940012D3A2 /* QuestionTests.m in Sources */,
				47887CFA177D32A90012D3A2 /* Question.m in Sources */,
				47887CFE177D555B0012D3A2 /* PersonTests.m in Sources */,
				47887D02177D55CE0012D3A2 /* Person.m in Sources */,
				47887D05177F0A2A0012D3A2 /* AnswerTests.m in Sources */,
				47887D09177F0A6F0012D3A2 /* Answer.m in Sources */,
				4783064D177F61A5003425BA /* QuestionCreationWorkflowTests.m in Sources */,
				47830651177F641D003425BA /* StackOverflowManager.m in Sources */,
				476B70D41780C40400EC225F /* StackOverflowCommunicator.m in Sources */,
				476B70D71780C48000EC225F /* MockStackOverflowCommunicator.m in Sources */,
				476B70DA1780C51200EC225F /* MockStackOverflowManagerDelegate.m in Sources */,
				4736D7F91780E92C00427677 /* QuestionBuilder.m in Sources */,
				4736D7FC1780EA2000427677 /* FakeQuestionBuilder.m in Sources */,
				47EA2E3E1781E92800853787 /* QuestionBuilderTests.m in Sources */,
				47EA2E451784996B00853787 /* StackOverflowCommunicatorTests.m in Sources */,
				47EA2E4817849D9E00853787 /* InspectableStackOverflowCommunicator.m in Sources */,
				47833ADE178C65AD00ACAF7C /* NonNetworkedStackOverflowCommunicator.m in Sources */,
				47CF194C178CA0F300FA739A /* FakeURLResponse.m in Sources */,
				47CF194F178CA86100FA739A /* MockStackOverflowManager.m in Sources */,
				47CF1956178EED5700FA739A /* BrowseOverflowViewController.m in Sources */,
				47CF195D178EEE5F00FA739A /* BrowseOverflowViewControllerTests.m in Sources */,
				47CF1960178EF8A500FA739A /* TopicTableDataSource.m in Sources */,
				47CF1963178EF91D00FA739A /* EmptyTableViewDelegate.m in Sources */,
			);
			runOnlyForDeploymentPostprocessing = 0;
		};
/* End PBXSourcesBuildPhase section */

/* Begin PBXTargetDependency section */
		47887CDB177D01880012D3A2 /* PBXTargetDependency */ = {
			isa = PBXTargetDependency;
			target = 47887CA8177D01870012D3A2 /* BrowseStackOverflow */;
			targetProxy = 47887CDA177D01880012D3A2 /* PBXContainerItemProxy */;
		};
/* End PBXTargetDependency section */

/* Begin PBXVariantGroup section */
		47887CB5177D01870012D3A2 /* InfoPlist.strings */ = {
			isa = PBXVariantGroup;
			children = (
				47887CB6177D01870012D3A2 /* en */,
			);
			name = InfoPlist.strings;
			sourceTree = "<group>";
		};
		47887CCA177D01870012D3A2 /* MasterViewController.xib */ = {
			isa = PBXVariantGroup;
			children = (
				47887CCB177D01870012D3A2 /* en */,
			);
			name = MasterViewController.xib;
			sourceTree = "<group>";
		};
		47887CCD177D01870012D3A2 /* DetailViewController.xib */ = {
			isa = PBXVariantGroup;
			children = (
				47887CCE177D01870012D3A2 /* en */,
			);
			name = DetailViewController.xib;
			sourceTree = "<group>";
		};
		47887CDF177D01880012D3A2 /* InfoPlist.strings */ = {
			isa = PBXVariantGroup;
			children = (
				47887CE0177D01880012D3A2 /* en */,
			);
			name = InfoPlist.strings;
			sourceTree = "<group>";
		};
/* End PBXVariantGroup section */

/* Begin XCBuildConfiguration section */
		47887CE5177D01880012D3A2 /* Debug */ = {
			isa = XCBuildConfiguration;
			buildSettings = {
				ALWAYS_SEARCH_USER_PATHS = NO;
				CLANG_CXX_LANGUAGE_STANDARD = "gnu++0x";
				CLANG_CXX_LIBRARY = "libc++";
				CLANG_ENABLE_OBJC_ARC = YES;
				CLANG_WARN_CONSTANT_CONVERSION = YES;
				CLANG_WARN_EMPTY_BODY = YES;
				CLANG_WARN_ENUM_CONVERSION = YES;
				CLANG_WARN_INT_CONVERSION = YES;
				CLANG_WARN__DUPLICATE_METHOD_MATCH = YES;
				"CODE_SIGN_IDENTITY[sdk=iphoneos*]" = "iPhone Developer";
				COPY_PHASE_STRIP = NO;
				GCC_C_LANGUAGE_STANDARD = gnu99;
				GCC_DYNAMIC_NO_PIC = NO;
				GCC_OPTIMIZATION_LEVEL = 0;
				GCC_PREPROCESSOR_DEFINITIONS = (
					"DEBUG=1",
					"$(inherited)",
				);
				GCC_SYMBOLS_PRIVATE_EXTERN = NO;
				GCC_WARN_ABOUT_RETURN_TYPE = YES;
				GCC_WARN_UNINITIALIZED_AUTOS = YES;
				GCC_WARN_UNUSED_VARIABLE = YES;
				IPHONEOS_DEPLOYMENT_TARGET = 6.1;
				ONLY_ACTIVE_ARCH = YES;
				SDKROOT = iphoneos;
			};
			name = Debug;
		};
		47887CE6177D01880012D3A2 /* Release */ = {
			isa = XCBuildConfiguration;
			buildSettings = {
				ALWAYS_SEARCH_USER_PATHS = NO;
				CLANG_CXX_LANGUAGE_STANDARD = "gnu++0x";
				CLANG_CXX_LIBRARY = "libc++";
				CLANG_ENABLE_OBJC_ARC = YES;
				CLANG_WARN_CONSTANT_CONVERSION = YES;
				CLANG_WARN_EMPTY_BODY = YES;
				CLANG_WARN_ENUM_CONVERSION = YES;
				CLANG_WARN_INT_CONVERSION = YES;
				CLANG_WARN__DUPLICATE_METHOD_MATCH = YES;
				"CODE_SIGN_IDENTITY[sdk=iphoneos*]" = "iPhone Developer";
				COPY_PHASE_STRIP = YES;
				GCC_C_LANGUAGE_STANDARD = gnu99;
				GCC_WARN_ABOUT_RETURN_TYPE = YES;
				GCC_WARN_UNINITIALIZED_AUTOS = YES;
				GCC_WARN_UNUSED_VARIABLE = YES;
				IPHONEOS_DEPLOYMENT_TARGET = 6.1;
				OTHER_CFLAGS = "-DNS_BLOCK_ASSERTIONS=1";
				SDKROOT = iphoneos;
				VALIDATE_PRODUCT = YES;
			};
			name = Release;
		};
		47887CE8177D01880012D3A2 /* Debug */ = {
			isa = XCBuildConfiguration;
			buildSettings = {
				GCC_PRECOMPILE_PREFIX_HEADER = YES;
				GCC_PREFIX_HEADER = "BrowseStackOverflow/BrowseStackOverflow-Prefix.pch";
				INFOPLIST_FILE = "BrowseStackOverflow/BrowseStackOverflow-Info.plist";
				PRODUCT_NAME = "$(TARGET_NAME)";
				WRAPPER_EXTENSION = app;
			};
			name = Debug;
		};
		47887CE9177D01880012D3A2 /* Release */ = {
			isa = XCBuildConfiguration;
			buildSettings = {
				GCC_PRECOMPILE_PREFIX_HEADER = YES;
				GCC_PREFIX_HEADER = "BrowseStackOverflow/BrowseStackOverflow-Prefix.pch";
				INFOPLIST_FILE = "BrowseStackOverflow/BrowseStackOverflow-Info.plist";
				PRODUCT_NAME = "$(TARGET_NAME)";
				WRAPPER_EXTENSION = app;
			};
			name = Release;
		};
		47887CEB177D01880012D3A2 /* Debug */ = {
			isa = XCBuildConfiguration;
			buildSettings = {
				BUNDLE_LOADER = "$(BUILT_PRODUCTS_DIR)/BrowseStackOverflow.app/BrowseStackOverflow";
				FRAMEWORK_SEARCH_PATHS = (
					"\"$(SDKROOT)/Developer/Library/Frameworks\"",
					"\"$(DEVELOPER_LIBRARY_DIR)/Frameworks\"",
				);
				GCC_PRECOMPILE_PREFIX_HEADER = YES;
				GCC_PREFIX_HEADER = "BrowseStackOverflow/BrowseStackOverflow-Prefix.pch";
				INFOPLIST_FILE = "BrowseStackOverflowTests/BrowseStackOverflowTests-Info.plist";
				PRODUCT_NAME = "$(TARGET_NAME)";
				TEST_HOST = "$(BUNDLE_LOADER)";
				WRAPPER_EXTENSION = octest;
			};
			name = Debug;
		};
		47887CEC177D01880012D3A2 /* Release */ = {
			isa = XCBuildConfiguration;
			buildSettings = {
				BUNDLE_LOADER = "$(BUILT_PRODUCTS_DIR)/BrowseStackOverflow.app/BrowseStackOverflow";
				FRAMEWORK_SEARCH_PATHS = (
					"\"$(SDKROOT)/Developer/Library/Frameworks\"",
					"\"$(DEVELOPER_LIBRARY_DIR)/Frameworks\"",
				);
				GCC_PRECOMPILE_PREFIX_HEADER = YES;
				GCC_PREFIX_HEADER = "BrowseStackOverflow/BrowseStackOverflow-Prefix.pch";
				INFOPLIST_FILE = "BrowseStackOverflowTests/BrowseStackOverflowTests-Info.plist";
				PRODUCT_NAME = "$(TARGET_NAME)";
				TEST_HOST = "$(BUNDLE_LOADER)";
				WRAPPER_EXTENSION = octest;
			};
			name = Release;
		};
/* End XCBuildConfiguration section */

/* Begin XCConfigurationList section */
		47887CA4177D01870012D3A2 /* Build configuration list for PBXProject "BrowseStackOverflow" */ = {
			isa = XCConfigurationList;
			buildConfigurations = (
				47887CE5177D01880012D3A2 /* Debug */,
				47887CE6177D01880012D3A2 /* Release */,
			);
			defaultConfigurationIsVisible = 0;
			defaultConfigurationName = Release;
		};
		47887CE7177D01880012D3A2 /* Build configuration list for PBXNativeTarget "BrowseStackOverflow" */ = {
			isa = XCConfigurationList;
			buildConfigurations = (
				47887CE8177D01880012D3A2 /* Debug */,
				47887CE9177D01880012D3A2 /* Release */,
			);
			defaultConfigurationIsVisible = 0;
			defaultConfigurationName = Release;
		};
		47887CEA177D01880012D3A2 /* Build configuration list for PBXNativeTarget "BrowseStackOverflowTests" */ = {
			isa = XCConfigurationList;
			buildConfigurations = (
				47887CEB177D01880012D3A2 /* Debug */,
				47887CEC177D01880012D3A2 /* Release */,
			);
			defaultConfigurationIsVisible = 0;
			defaultConfigurationName = Release;
		};
/* End XCConfigurationList section */
	};
	rootObject = 47887CA1177D01870012D3A2 /* Project object */;
}
